
Microsoft Visual Studio Solution File, Format Version 12.00
# Visual Studio Version 17
VisualStudioVersion = 17.5.33414.496
MinimumVisualStudioVersion = 10.0.40219.1
Project("{8BC9CEB8-8B4A-11D0-8D11-00A0C91BC942}") = "BOJ_10813", "BOJ_10813.vcxproj", "{77AF0A3F-8AD9-4E65-9A1D-518C47ED143F}"
EndProject
Global
	GlobalSection(SolutionConfigurationPlatforms) = preSolution
		Debug|x64 = Debug|x64
		Release|x64 = Release|x64
	EndGlobalSection
	GlobalSection(ProjectConfigurationPlatforms) = postSolution
		{77AF0A3F-8AD9-4E65-9A1D-518C47ED143F}.Debug|x64.ActiveCfg = Debug|x64
		{77AF0A3F-8AD9-4E65-9A1D-518C47ED143F}.Debug|x64.Build.0 = Debug|x64
		{77AF0A3F-8AD9-4E65-9A1D-518C47ED143F}.Release|x64.ActiveCfg = Release|x64
		{77AF0A3F-8AD9-4E65-9A1D-518C47ED143F}.Release|x64.Build.0 = Release|x64
	EndGlobalSection
	GlobalSection(SolutionProperties) = preSolution
		HideSolutionNode = FALSE
	EndGlobalSection
	GlobalSection(ExtensibilityGlobals) = postSolution
		SolutionGuid = {B8751CF7-BA1D-4427-9828-AA69B6FF2FD0}
	EndGlobalSection
EndGlobal
